
Microsoft Visual Studio Solution File, Format Version 12.00
# Visual Studio Version 16
VisualStudioVersion = 16.0.29521.150
MinimumVisualStudioVersion = 10.0.40219.1
Project("{FAE04EC0-301F-11D3-BF4B-00C04F79EFBC}") = "WpfBaseBinding", "WpfBaseBinding\WpfBaseBinding.csproj", "{581C3313-7801-414C-9F92-9AD6BD563D26}"
EndProject
Project("{FAE04EC0-301F-11D3-BF4B-00C04F79EFBC}") = "WpfExplicitBinding", "WpfExplicitBinding\WpfExplicitBinding.csproj", "{D3A3BAF9-539A-40A5-9E33-37DF8E350B2E}"
EndProject
Project("{FAE04EC0-301F-11D3-BF4B-00C04F79EFBC}") = "WpfDataContext", "WpfDataContext\WpfDataContext.csproj", "{3471295E-18BC-4025-A4A7-4F508C2BCC27}"
EndProject
Global
	GlobalSection(SolutionConfigurationPlatforms) = preSolution
		Debug|Any CPU = Debug|Any CPU
		Release|Any CPU = Release|Any CPU
	EndGlobalSection
	GlobalSection(ProjectConfigurationPlatforms) = postSolution
		{581C3313-7801-414C-9F92-9AD6BD563D26}.Debug|Any CPU.ActiveCfg = Debug|Any CPU
		{581C3313-7801-414C-9F92-9AD6BD563D26}.Debug|Any CPU.Build.0 = Debug|Any CPU
		{581C3313-7801-414C-9F92-9AD6BD563D26}.Release|Any CPU.ActiveCfg = Release|Any CPU
		{581C3313-7801-414C-9F92-9AD6BD563D26}.Release|Any CPU.Build.0 = Release|Any CPU
		{D3A3BAF9-539A-40A5-9E33-37DF8E350B2E}.Debug|Any CPU.ActiveCfg = Debug|Any CPU
		{D3A3BAF9-539A-40A5-9E33-37DF8E350B2E}.Debug|Any CPU.Build.0 = Debug|Any CPU
		{D3A3BAF9-539A-40A5-9E33-37DF8E350B2E}.Release|Any CPU.ActiveCfg = Release|Any CPU
		{D3A3BAF9-539A-40A5-9E33-37DF8E350B2E}.Release|Any CPU.Build.0 = Release|Any CPU
		{3471295E-18BC-4025-A4A7-4F508C2BCC27}.Debug|Any CPU.ActiveCfg = Debug|Any CPU
		{3471295E-18BC-4025-A4A7-4F508C2BCC27}.Debug|Any CPU.Build.0 = Debug|Any CPU
		{3471295E-18BC-4025-A4A7-4F508C2BCC27}.Release|Any CPU.ActiveCfg = Release|Any CPU
		{3471295E-18BC-4025-A4A7-4F508C2BCC27}.Release|Any CPU.Build.0 = Release|Any CPU
	EndGlobalSection
	GlobalSection(SolutionProperties) = preSolution
		HideSolutionNode = FALSE
	EndGlobalSection
	GlobalSection(ExtensibilityGlobals) = postSolution
		SolutionGuid = {B8A16876-8DBA-498D-B459-FDEAE58E21ED}
	EndGlobalSection
EndGlobal
